
Microsoft Visual Studio Solution File, Format Version 12.00
# Visual Studio Version 16
VisualStudioVersion = 16.0.28809.33
MinimumVisualStudioVersion = 10.0.40219.1
Project("{8BC9CEB8-8B4A-11D0-8D11-00A0C91BC942}") = "c++3", "c++3\c++3.vcxproj", "{EE86ABEA-B664-43A7-81D5-863915D7F22E}"
EndProject
Global
	GlobalSection(SolutionConfigurationPlatforms) = preSolution
		Debug|x64 = Debug|x64
		Debug|x86 = Debug|x86
		Release|x64 = Release|x64
		Release|x86 = Release|x86
	EndGlobalSection
	GlobalSection(ProjectConfigurationPlatforms) = postSolution
		{EE86ABEA-B664-43A7-81D5-863915D7F22E}.Debug|x64.ActiveCfg = Debug|x64
		{EE86ABEA-B664-43A7-81D5-863915D7F22E}.Debug|x64.Build.0 = Debug|x64
		{EE86ABEA-B664-43A7-81D5-863915D7F22E}.Debug|x86.ActiveCfg = Debug|Win32
		{EE86ABEA-B664-43A7-81D5-863915D7F22E}.Debug|x86.Build.0 = Debug|Win32
		{EE86ABEA-B664-43A7-81D5-863915D7F22E}.Release|x64.ActiveCfg = Release|x64
		{EE86ABEA-B664-43A7-81D5-863915D7F22E}.Release|x64.Build.0 = Release|x64
		{EE86ABEA-B664-43A7-81D5-863915D7F22E}.Release|x86.ActiveCfg = Release|Win32
		{EE86ABEA-B664-43A7-81D5-863915D7F22E}.Release|x86.Build.0 = Release|Win32
	EndGlobalSection
	GlobalSection(SolutionProperties) = preSolution
		HideSolutionNode = FALSE
	EndGlobalSection
	GlobalSection(ExtensibilityGlobals) = postSolution
		SolutionGuid = {198BD8E6-ABF2-406E-A799-7B44AF8A90C6}
	EndGlobalSection
EndGlobal
